
Microsoft Visual Studio Solution File, Format Version 12.00
# Visual Studio Version 17
VisualStudioVersion = 17.7.34202.233
MinimumVisualStudioVersion = 10.0.40219.1
Project("{FAE04EC0-301F-11D3-BF4B-00C04F79EFBC}") = "Demo_Surcharge_Operateur", "Demo_Surcharge_Operateur\Demo_Surcharge_Operateur.csproj", "{6387ED01-9D86-4A71-8AD7-CCE22683D216}"
EndProject
Global
	GlobalSection(SolutionConfigurationPlatforms) = preSolution
		Debug|Any CPU = Debug|Any CPU
		Release|Any CPU = Release|Any CPU
	EndGlobalSection
	GlobalSection(ProjectConfigurationPlatforms) = postSolution
		{6387ED01-9D86-4A71-8AD7-CCE22683D216}.Debug|Any CPU.ActiveCfg = Debug|Any CPU
		{6387ED01-9D86-4A71-8AD7-CCE22683D216}.Debug|Any CPU.Build.0 = Debug|Any CPU
		{6387ED01-9D86-4A71-8AD7-CCE22683D216}.Release|Any CPU.ActiveCfg = Release|Any CPU
		{6387ED01-9D86-4A71-8AD7-CCE22683D216}.Release|Any CPU.Build.0 = Release|Any CPU
	EndGlobalSection
	GlobalSection(SolutionProperties) = preSolution
		HideSolutionNode = FALSE
	EndGlobalSection
	GlobalSection(ExtensibilityGlobals) = postSolution
		SolutionGuid = {4E6425F0-062F-4BEF-BC55-971735926B32}
	EndGlobalSection
EndGlobal
